Microsoft Visual Studio Solution File, Format Version 12.00
# Visual Studio 15
VisualStudioVersion = 15.0.27004.2006
MinimumVisualStudioVersion = 15.0.26124.0
Project("{9A19103F-16F7-4668-BE54-9A1E7A4F7556}") = "EveHelper.API", "EveHelper.API.csproj", "{C069CE8D-4821-46ED-81E3-A6711A177E68}"
EndProject
Project("{9A19103F-16F7-4668-BE54-9A1E7A4F7556}") = "EveHelper.DB", "..\EveHelper.Db\EveHelper.DB.csproj", "{C524D072-8010-4BDE-9CEB-02F77275E6CE}"
EndProject
Global
	GlobalSection(SolutionConfigurationPlatforms) = preSolution
		Debug|Any CPU = Debug|Any CPU
		Debug|x64 = Debug|x64
		Debug|x86 = Debug|x86
		Release|Any CPU = Release|Any CPU
		Release|x64 = Release|x64
		Release|x86 = Release|x86
	EndGlobalSection
	GlobalSection(ProjectConfigurationPlatforms) = postSolution
		{C069CE8D-4821-46ED-81E3-A6711A177E68}.Debug|Any CPU.ActiveCfg = Debug|Any CPU
		{C069CE8D-4821-46ED-81E3-A6711A177E68}.Debug|Any CPU.Build.0 = Debug|Any CPU
		{C069CE8D-4821-46ED-81E3-A6711A177E68}.Debug|x64.ActiveCfg = Debug|Any CPU
		{C069CE8D-4821-46ED-81E3-A6711A177E68}.Debug|x64.Build.0 = Debug|Any CPU
		{C069CE8D-4821-46ED-81E3-A6711A177E68}.Debug|x86.ActiveCfg = Debug|Any CPU
		{C069CE8D-4821-46ED-81E3-A6711A177E68}.Debug|x86.Build.0 = Debug|Any CPU
		{C069CE8D-4821-46ED-81E3-A6711A177E68}.Release|Any CPU.ActiveCfg = Release|Any CPU
		{C069CE8D-4821-46ED-81E3-A6711A177E68}.Release|Any CPU.Build.0 = Release|Any CPU
		{C069CE8D-4821-46ED-81E3-A6711A177E68}.Release|x64.ActiveCfg = Release|Any CPU
		{C069CE8D-4821-46ED-81E3-A6711A177E68}.Release|x64.Build.0 = Release|Any CPU
		{C069CE8D-4821-46ED-81E3-A6711A177E68}.Release|x86.ActiveCfg = Release|Any CPU
		{C069CE8D-4821-46ED-81E3-A6711A177E68}.Release|x86.Build.0 = Release|Any CPU
		{C524D072-8010-4BDE-9CEB-02F77275E6CE}.Debug|Any CPU.ActiveCfg = Debug|Any CPU
		{C524D072-8010-4BDE-9CEB-02F77275E6CE}.Debug|Any CPU.Build.0 = Debug|Any CPU
		{C524D072-8010-4BDE-9CEB-02F77275E6CE}.Debug|x64.ActiveCfg = Debug|Any CPU
		{C524D072-8010-4BDE-9CEB-02F77275E6CE}.Debug|x64.Build.0 = Debug|Any CPU
		{C524D072-8010-4BDE-9CEB-02F77275E6CE}.Debug|x86.ActiveCfg = Debug|Any CPU
		{C524D072-8010-4BDE-9CEB-02F77275E6CE}.Debug|x86.Build.0 = Debug|Any CPU
		{C524D072-8010-4BDE-9CEB-02F77275E6CE}.Release|Any CPU.ActiveCfg = Release|Any CPU
		{C524D072-8010-4BDE-9CEB-02F77275E6CE}.Release|Any CPU.Build.0 = Release|Any CPU
		{C524D072-8010-4BDE-9CEB-02F77275E6CE}.Release|x64.ActiveCfg = Release|Any CPU
		{C524D072-8010-4BDE-9CEB-02F77275E6CE}.Release|x64.Build.0 = Release|Any CPU
		{C524D072-8010-4BDE-9CEB-02F77275E6CE}.Release|x86.ActiveCfg = Release|Any CPU
		{C524D072-8010-4BDE-9CEB-02F77275E6CE}.Release|x86.Build.0 = Release|Any CPU
	EndGlobalSection
	GlobalSection(SolutionProperties) = preSolution
		HideSolutionNode = FALSE
	EndGlobalSection
	GlobalSection(ExtensibilityGlobals) = postSolution
		SolutionGuid = {E150E4EF-93EA-44A2-96A2-71FFA63FE736}
	EndGlobalSection
EndGlobal
